lockfileVersion: '9.0'

settings:
  autoInstallPeers: true
  excludeLinksFromLockfile: false

importers:

  .:
    dependencies:
      pnpm:
        specifier: ^11.8.0
        version: 11.8.0
    devDependencies:
      mkdirp:
        specifier: ^3.0.1
        version: 3.0.1

packages:

  mkdirp@3.0.1:
    resolution: {integrity: sha512-+NsyUUAZDmo6YVHzL/stxSu3t9YS1iljliy3BSDrXJ/dkn1KYdmtZODGGjLcc9XLgVVpH4KshHB8XmZgMhaBXg==}
    engines: {node: '>=10'}
    hasBin: true

  pnpm@11.8.0:
    resolution: {integrity: sha512-wfXnxMskHI8XS3Q4UdgvQrgCMkr8iw8Ra5atsVqgZmSUjd42lgo7oQebpbSyndAUATW5S1tfUmNZIknWjlVfJg==}
    engines: {node: '>=22.13'}
    hasBin: true

snapshots:

  mkdirp@3.0.1: {}

  pnpm@11.8.0: {}
